{
  "name": "solar-times-api",
  "version": "1.0.3",
  "lockfileVersion": 3,
  "requires": true,
  "packages": {
    "": {
      "name": "solar-times-api",
      "version": "1.0.3",
      "license": "MIT",
      "bin": {
        "solar-times-api": "src/server.js"
      },
      "engines": {
        "node": ">=18"
      }
    }
  }
}
